// !$*UTF8*$!
{
	archiveVersion = 1;
	classes = {
	};
	objectVersion = 46;
	objects = {

/* Begin PBXBuildFile section */
		3D1DE33B1AD1B827009CD0BF /* test_property.cpp in Sources */ = {isa = PBXBuildFile; fileRef = 3D1DE32D1AD1AF73009CD0BF /* test_property.cpp */; };
		3D1DE33C1AD1B82D009CD0BF /* SimplePropertySet.hpp in Headers */ = {isa = PBXBuildFile; fileRef = 3D5907FA1ACF3BE300CF4B3C /* SimplePropertySet.hpp */; };
/* End PBXBuildFile section */

/* Begin PBXCopyFilesBuildPhase section */
		3DDFA3591AC6EB1C0085342F /* CopyFiles */ = {
			isa = PBXCopyFilesBuildPhase;
			buildActionMask = 2147483647;
			dstPath = /usr/share/man/man1/;
			dstSubfolderSpec = 0;
			files = (
			);
			runOnlyForDeploymentPostprocessing = 1;
		};
/* End PBXCopyFilesBuildPhase section */

/* Begin PBXFileReference section */
		3D0DA8431AD07EF400910D56 /* SimplePropertySet.cpp */ = {isa = PBXFileReference; fileEncoding = 4; lastKnownFileType = sourcecode.cpp.cpp; name = SimplePropertySet.cpp; path = FinPr/src/SimplePropertySet.cpp; sourceTree = SOURCE_ROOT; };
		3D1DE32D1AD1AF73009CD0BF /* test_property.cpp */ = {isa = PBXFileReference; fileEncoding = 4; lastKnownFileType = sourcecode.cpp.cpp; name = test_property.cpp; path = FinPr/test/test_property.cpp; sourceTree = SOURCE_ROOT; };
		3D5907F41ACF36C300CF4B3C /* property.hpp */ = {isa = PBXFileReference; fileEncoding = 4; lastKnownFileType = sourcecode.cpp.h; name = property.hpp; path = FinPr/inc/property.hpp; sourceTree = SOURCE_ROOT; };
		3D5907F61ACF36C300CF4B3C /* property.cpp */ = {isa = PBXFileReference; fileEncoding = 4; lastKnownFileType = sourcecode.cpp.cpp; name = property.cpp; path = FinPr/src/property.cpp; sourceTree = SOURCE_ROOT; };
		3D5907FA1ACF3BE300CF4B3C /* SimplePropertySet.hpp */ = {isa = PBXFileReference; lastKnownFileType = sourcecode.cpp.h; name = SimplePropertySet.hpp; path = FinPr/inc/SimplePropertySet.hpp; sourceTree = SOURCE_ROOT; };
		3DDFA35B1AC6EB1C0085342F /* FinPr */ = {isa = PBXFileReference; explicitFileType = "compiled.mach-o.executable"; includeInIndex = 0; path = FinPr; sourceTree = BUILT_PRODUCTS_DIR; };
/* End PBXFileReference section */

/* Begin PBXFrameworksBuildPhase section */
		3DDFA3581AC6EB1C0085342F /* Frameworks */ = {
			isa = PBXFrameworksBuildPhase;
			buildActionMask = 2147483647;
			files = (
			);
			runOnlyForDeploymentPostprocessing = 0;
		};
/* End PBXFrameworksBuildPhase section */

/* Begin PBXGroup section */
		3D1DE32C1AD1AF73009CD0BF /* test */ = {
			isa = PBXGroup;
			children = (
				3D1DE32D1AD1AF73009CD0BF /* test_property.cpp */,
			);
			path = test;
			sourceTree = "<group>";
		};
		3D5907F21ACF36C300CF4B3C /* FinPr */ = {
			isa = PBXGroup;
			children = (
				3D1DE32C1AD1AF73009CD0BF /* test */,
				3D5907F31ACF36C300CF4B3C /* inc */,
				3D5907F51ACF36C300CF4B3C /* src */,
			);
			path = FinPr;
			sourceTree = "<group>";
		};
		3D5907F31ACF36C300CF4B3C /* inc */ = {
			isa = PBXGroup;
			children = (
				3D5907F41ACF36C300CF4B3C /* property.hpp */,
				3D5907FA1ACF3BE300CF4B3C /* SimplePropertySet.hpp */,
			);
			path = inc;
			sourceTree = "<group>";
		};
		3D5907F51ACF36C300CF4B3C /* src */ = {
			isa = PBXGroup;
			children = (
				3D5907F61ACF36C300CF4B3C /* property.cpp */,
				3D0DA8431AD07EF400910D56 /* SimplePropertySet.cpp */,
			);
			path = src;
			sourceTree = "<group>";
		};
		3DDFA3521AC6EB1C0085342F = {
			isa = PBXGroup;
			children = (
				3D5907F21ACF36C300CF4B3C /* FinPr */,
				3DDFA35C1AC6EB1C0085342F /* Products */,
			);
			sourceTree = "<group>";
		};
		3DDFA35C1AC6EB1C0085342F /* Products */ = {
			isa = PBXGroup;
			children = (
				3DDFA35B1AC6EB1C0085342F /* FinPr */,
			);
			name = Products;
			sourceTree = "<group>";
		};
/* End PBXGroup section */

/* Begin PBXHeadersBuildPhase section */
		3D5907F91ACF38A100CF4B3C /* Headers */ = {
			isa = PBXHeadersBuildPhase;
			buildActionMask = 2147483647;
			files = (
				3D1DE33C1AD1B82D009CD0BF /* SimplePropertySet.hpp in Headers */,
			);
			runOnlyForDeploymentPostprocessing = 0;
		};
/* End PBXHeadersBuildPhase section */

/* Begin PBXNativeTarget section */
		3DDFA35A1AC6EB1C0085342F /* FinPr */ = {
			isa = PBXNativeTarget;
			buildConfigurationList = 3DDFA3621AC6EB1C0085342F /* Build configuration list for PBXNativeTarget "FinPr" */;
			buildPhases = (
				3DDFA3571AC6EB1C0085342F /* Sources */,
				3DDFA3581AC6EB1C0085342F /* Frameworks */,
				3DDFA3591AC6EB1C0085342F /* CopyFiles */,
				3D5907F91ACF38A100CF4B3C /* Headers */,
			);
			buildRules = (
			);
			dependencies = (
			);
			name = FinPr;
			productName = FinPr;
			productReference = 3DDFA35B1AC6EB1C0085342F /* FinPr */;
			productType = "com.apple.product-type.tool";
		};
/* End PBXNativeTarget section */

/* Begin PBXProject section */
		3DDFA3531AC6EB1C0085342F /* Project object */ = {
			isa = PBXProject;
			attributes = {
				LastUpgradeCheck = 0620;
				ORGANIZATIONNAME = "Weifeng Liu";
				TargetAttributes = {
					3DDFA35A1AC6EB1C0085342F = {
						CreatedOnToolsVersion = 6.2;
					};
				};
			};
			buildConfigurationList = 3DDFA3561AC6EB1C0085342F /* Build configuration list for PBXProject "FinPr" */;
			compatibilityVersion = "Xcode 3.2";
			developmentRegion = English;
			hasScannedForEncodings = 0;
			knownRegions = (
				en,
			);
			mainGroup = 3DDFA3521AC6EB1C0085342F;
			productRefGroup = 3DDFA35C1AC6EB1C0085342F /* Products */;
			projectDirPath = "";
			projectRoot = "";
			targets = (
				3DDFA35A1AC6EB1C0085342F /* FinPr */,
			);
		};
/* End PBXProject section */

/* Begin PBXSourcesBuildPhase section */
		3DDFA3571AC6EB1C0085342F /* Sources */ = {
			isa = PBXSourcesBuildPhase;
			buildActionMask = 2147483647;
			files = (
				3D1DE33B1AD1B827009CD0BF /* test_property.cpp in Sources */,
			);
			runOnlyForDeploymentPostprocessing = 0;
		};
/* End PBXSourcesBuildPhase section */

/* Begin XCBuildConfiguration section */
		3DDFA3601AC6EB1C0085342F /* Debug */ = {
			isa = XCBuildConfiguration;
			buildSettings = {
				ALWAYS_SEARCH_USER_PATHS = NO;
				CLANG_CXX_LANGUAGE_STANDARD = "gnu++0x";
				CLANG_CXX_LIBRARY = "libc++";
				CLANG_ENABLE_MODULES = YES;
				CLANG_ENABLE_OBJC_ARC = YES;
				CLANG_WARN_BOOL_CONVERSION = YES;
				CLANG_WARN_CONSTANT_CONVERSION = YES;
				CLANG_WARN_DIRECT_OBJC_ISA_USAGE = YES_ERROR;
				CLANG_WARN_EMPTY_BODY = YES;
				CLANG_WARN_ENUM_CONVERSION = YES;
				CLANG_WARN_INT_CONVERSION = YES;
				CLANG_WARN_OBJC_ROOT_CLASS = YES_ERROR;
				CLANG_WARN_UNREACHABLE_CODE = YES;
				CLANG_WARN__DUPLICATE_METHOD_MATCH = YES;
				COPY_PHASE_STRIP = NO;
				ENABLE_STRICT_OBJC_MSGSEND = YES;
				GCC_C_LANGUAGE_STANDARD = gnu99;
				GCC_DYNAMIC_NO_PIC = NO;
				GCC_OPTIMIZATION_LEVEL = 0;
				GCC_PREPROCESSOR_DEFINITIONS = (
					"DEBUG=1",
					"$(inherited)",
				);
				GCC_SYMBOLS_PRIVATE_EXTERN = NO;
				GCC_WARN_64_TO_32_BIT_CONVERSION = YES;
				GCC_WARN_ABOUT_RETURN_TYPE = YES_ERROR;
				GCC_WARN_UNDECLARED_SELECTOR = YES;
				GCC_WARN_UNINITIALIZED_AUTOS = YES_AGGRESSIVE;
				GCC_WARN_UNUSED_FUNCTION = YES;
				GCC_WARN_UNUSED_VARIABLE = YES;
				MACOSX_DEPLOYMENT_TARGET = 10.10;
				MTL_ENABLE_DEBUG_INFO = YES;
				ONLY_ACTIVE_ARCH = YES;
				SDKROOT = macosx;
			};
			name = Debug;
		};
		3DDFA3611AC6EB1C0085342F /* Release */ = {
			isa = XCBuildConfiguration;
			buildSettings = {
				ALWAYS_SEARCH_USER_PATHS = NO;
				CLANG_CXX_LANGUAGE_STANDARD = "gnu++0x";
				CLANG_CXX_LIBRARY = "libc++";
				CLANG_ENABLE_MODULES = YES;
				CLANG_ENABLE_OBJC_ARC = YES;
				CLANG_WARN_BOOL_CONVERSION = YES;
				CLANG_WARN_CONSTANT_CONVERSION = YES;
				CLANG_WARN_DIRECT_OBJC_ISA_USAGE = YES_ERROR;
				CLANG_WARN_EMPTY_BODY = YES;
				CLANG_WARN_ENUM_CONVERSION = YES;
				CLANG_WARN_INT_CONVERSION = YES;
				CLANG_WARN_OBJC_ROOT_CLASS = YES_ERROR;
				CLANG_WARN_UNREACHABLE_CODE = YES;
				CLANG_WARN__DUPLICATE_METHOD_MATCH = YES;
				COPY_PHASE_STRIP = NO;
				DEBUG_INFORMATION_FORMAT = "dwarf-with-dsym";
				ENABLE_NS_ASSERTIONS = NO;
				ENABLE_STRICT_OBJC_MSGSEND = YES;
				GCC_C_LANGUAGE_STANDARD = gnu99;
				GCC_WARN_64_TO_32_BIT_CONVERSION = YES;
				GCC_WARN_ABOUT_RETURN_TYPE = YES_ERROR;
				GCC_WARN_UNDECLARED_SELECTOR = YES;
				GCC_WARN_UNINITIALIZED_AUTOS = YES_AGGRESSIVE;
				GCC_WARN_UNUSED_FUNCTION = YES;
				GCC_WARN_UNUSED_VARIABLE = YES;
				MACOSX_DEPLOYMENT_TARGET = 10.10;
				MTL_ENABLE_DEBUG_INFO = NO;
				SDKROOT = macosx;
			};
			name = Release;
		};
		3DDFA3631AC6EB1C0085342F /* Debug */ = {
			isa = XCBuildConfiguration;
			buildSettings = {
				PRODUCT_NAME = "$(TARGET_NAME)";
			};
			name = Debug;
		};
		3DDFA3641AC6EB1C0085342F /* Release */ = {
			isa = XCBuildConfiguration;
			buildSettings = {
				PRODUCT_NAME = "$(TARGET_NAME)";
			};
			name = Release;
		};
/* End XCBuildConfiguration section */

/* Begin XCConfigurationList section */
		3DDFA3561AC6EB1C0085342F /* Build configuration list for PBXProject "FinPr" */ = {
			isa = XCConfigurationList;
			buildConfigurations = (
				3DDFA3601AC6EB1C0085342F /* Debug */,
				3DDFA3611AC6EB1C0085342F /* Release */,
			);
			defaultConfigurationIsVisible = 0;
			defaultConfigurationName = Release;
		};
		3DDFA3621AC6EB1C0085342F /* Build configuration list for PBXNativeTarget "FinPr" */ = {
			isa = XCConfigurationList;
			buildConfigurations = (
				3DDFA3631AC6EB1C0085342F /* Debug */,
				3DDFA3641AC6EB1C0085342F /* Release */,
			);
			defaultConfigurationIsVisible = 0;
			defaultConfigurationName = Release;
		};
/* End XCConfigurationList section */
	};
	rootObject = 3DDFA3531AC6EB1C0085342F /* Project object */;
}
